// !$*UTF8*$!
{
	archiveVersion = 1;
	classes = {
	};
	objectVersion = 56;
	objects = {

/* Begin PBXBuildFile section */
		3C07C3D82BFADC5F00348EA1 /* UIView.swift in Sources */ = {isa = PBXBuildFile; fileRef = 3C07C3D72BFADC5F00348EA1 /* UIView.swift */; };
		3CCDA4682BF8D52E00A22563 /* AppDelegate.swift in Sources */ = {isa = PBXBuildFile; fileRef = 3CCDA4672BF8D52E00A22563 /* AppDelegate.swift */; };
		3CCDA46A2BF8D52E00A22563 /* SceneDelegate.swift in Sources */ = {isa = PBXBuildFile; fileRef = 3CCDA4692BF8D52E00A22563 /* SceneDelegate.swift */; };
		3CCDA46C2BF8D52E00A22563 /* ViewController.swift in Sources */ = {isa = PBXBuildFile; fileRef = 3CCDA46B2BF8D52E00A22563 /* ViewController.swift */; };
		3CCDA46F2BF8D52E00A22563 /* Main.storyboard in Resources */ = {isa = PBXBuildFile; fileRef = 3CCDA46D2BF8D52E00A22563 /* Main.storyboard */; };
		3CCDA4712BF8D52F00A22563 /* Assets.xcassets in Resources */ = {isa = PBXBuildFile; fileRef = 3CCDA4702BF8D52F00A22563 /* Assets.xcassets */; };
		3CCDA4742BF8D52F00A22563 /* LaunchScreen.storyboard in Resources */ = {isa = PBXBuildFile; fileRef = 3CCDA4722BF8D52F00A22563 /* LaunchScreen.storyboard */; };
		3CCDA4982BF8F70300A22563 /* HeaderView.swift in Sources */ = {isa = PBXBuildFile; fileRef = 3CCDA4972BF8F70300A22563 /* HeaderView.swift */; };
		3CCDA49A2BF8F70900A22563 /* HeaderView.xib in Resources */ = {isa = PBXBuildFile; fileRef = 3CCDA4992BF8F70900A22563 /* HeaderView.xib */; };
		3CCDA49C2BF9615C00A22563 /* Date.swift in Sources */ = {isa = PBXBuildFile; fileRef = 3CCDA49B2BF9615C00A22563 /* Date.swift */; };
		3CCDA49F2BF961B300A22563 /* Locale.swift in Sources */ = {isa = PBXBuildFile; fileRef = 3CCDA49E2BF961B300A22563 /* Locale.swift */; };
		3CCDA4A12BF961D100A22563 /* TimeZone.swift in Sources */ = {isa = PBXBuildFile; fileRef = 3CCDA4A02BF961D100A22563 /* TimeZone.swift */; };
		3CCDA4A32BF966F100A22563 /* UIViewController.swift in Sources */ = {isa = PBXBuildFile; fileRef = 3CCDA4A22BF966F100A22563 /* UIViewController.swift */; };
		3CCDA4A62BF9EEE100A22563 /* SaveImageViewController.swift in Sources */ = {isa = PBXBuildFile; fileRef = 3CCDA4A52BF9EEE100A22563 /* SaveImageViewController.swift */; };
		3CCDA4A82BF9EEE600A22563 /* SaveImageViewController.storyboard in Resources */ = {isa = PBXBuildFile; fileRef = 3CCDA4A72BF9EEE600A22563 /* SaveImageViewController.storyboard */; };
		3CCDA4AA2BF9EF0400A22563 /* UIStoryboard.swift in Sources */ = {isa = PBXBuildFile; fileRef = 3CCDA4A92BF9EF0400A22563 /* UIStoryboard.swift */; };
/* End PBXBuildFile section */

/* Begin PBXContainerItemProxy section */
		3CCDA47B2BF8D52F00A22563 /* PBXContainerItemProxy */ = {
			isa = PBXContainerItemProxy;
			containerPortal = 3CCDA45C2BF8D52E00A22563 /* Project object */;
			proxyType = 1;
			remoteGlobalIDString = 3CCDA4632BF8D52E00A22563;
			remoteInfo = FileManager;
		};
		3CCDA4852BF8D52F00A22563 /* PBXContainerItemProxy */ = {
			isa = PBXContainerItemProxy;
			containerPortal = 3CCDA45C2BF8D52E00A22563 /* Project object */;
			proxyType = 1;
			remoteGlobalIDString = 3CCDA4632BF8D52E00A22563;
			remoteInfo = FileManager;
		};
/* End PBXContainerItemProxy section */

/* Begin PBXFileReference section */
		3C07C3D72BFADC5F00348EA1 /* UIView.swift */ = {isa = PBXFileReference; lastKnownFileType = sourcecode.swift; path = UIView.swift; sourceTree = "<group>"; };
		3CCDA4642BF8D52E00A22563 /* FileManager.app */ = {isa = PBXFileReference; explicitFileType = wrapper.application; includeInIndex = 0; path = FileManager.app; sourceTree = BUILT_PRODUCTS_DIR; };
		3CCDA4672BF8D52E00A22563 /* AppDelegate.swift */ = {isa = PBXFileReference; lastKnownFileType = sourcecode.swift; path = AppDelegate.swift; sourceTree = "<group>"; };
		3CCDA4692BF8D52E00A22563 /* SceneDelegate.swift */ = {isa = PBXFileReference; lastKnownFileType = sourcecode.swift; path = SceneDelegate.swift; sourceTree = "<group>"; };
		3CCDA46B2BF8D52E00A22563 /* ViewController.swift */ = {isa = PBXFileReference; lastKnownFileType = sourcecode.swift; path = ViewController.swift; sourceTree = "<group>"; };
		3CCDA46E2BF8D52E00A22563 /* Base */ = {isa = PBXFileReference; lastKnownFileType = file.storyboard; name = Base; path = Base.lproj/Main.storyboard; sourceTree = "<group>"; };
		3CCDA4702BF8D52F00A22563 /* Assets.xcassets */ = {isa = PBXFileReference; lastKnownFileType = folder.assetcatalog; path = Assets.xcassets; sourceTree = "<group>"; };
		3CCDA4732BF8D52F00A22563 /* Base */ = {isa = PBXFileReference; lastKnownFileType = file.storyboard; name = Base; path = Base.lproj/LaunchScreen.storyboard; sourceTree = "<group>"; };
		3CCDA4752BF8D52F00A22563 /* Info.plist */ = {isa = PBXFileReference; lastKnownFileType = text.plist.xml; path = Info.plist; sourceTree = "<group>"; };
		3CCDA47A2BF8D52F00A22563 /* FileManagerTests.xctest */ = {isa = PBXFileReference; explicitFileType = wrapper.cfbundle; includeInIndex = 0; path = FileManagerTests.xctest; sourceTree = BUILT_PRODUCTS_DIR; };
		3CCDA4842BF8D52F00A22563 /* FileManagerUITests.xctest */ = {isa = PBXFileReference; explicitFileType = wrapper.cfbundle; includeInIndex = 0; path = FileManagerUITests.xctest; sourceTree = BUILT_PRODUCTS_DIR; };
		3CCDA4972BF8F70300A22563 /* HeaderView.swift */ = {isa = PBXFileReference; lastKnownFileType = sourcecode.swift; path = HeaderView.swift; sourceTree = "<group>"; };
		3CCDA4992BF8F70900A22563 /* HeaderView.xib */ = {isa = PBXFileReference; lastKnownFileType = file.xib; path = HeaderView.xib; sourceTree = "<group>"; };
		3CCDA49B2BF9615C00A22563 /* Date.swift */ = {isa = PBXFileReference; lastKnownFileType = sourcecode.swift; path = Date.swift; sourceTree = "<group>"; };
		3CCDA49E2BF961B300A22563 /* Locale.swift */ = {isa = PBXFileReference; lastKnownFileType = sourcecode.swift; path = Locale.swift; sourceTree = "<group>"; };
		3CCDA4A02BF961D100A22563 /* TimeZone.swift */ = {isa = PBXFileReference; lastKnownFileType = sourcecode.swift; path = TimeZone.swift; sourceTree = "<group>"; };
		3CCDA4A22BF966F100A22563 /* UIViewController.swift */ = {isa = PBXFileReference; lastKnownFileType = sourcecode.swift; path = UIViewController.swift; sourceTree = "<group>"; };
		3CCDA4A52BF9EEE100A22563 /* SaveImageViewController.swift */ = {isa = PBXFileReference; lastKnownFileType = sourcecode.swift; path = SaveImageViewController.swift; sourceTree = "<group>"; };
		3CCDA4A72BF9EEE600A22563 /* SaveImageViewController.storyboard */ = {isa = PBXFileReference; lastKnownFileType = file.storyboard; path = SaveImageViewController.storyboard; sourceTree = "<group>"; };
		3CCDA4A92BF9EF0400A22563 /* UIStoryboard.swift */ = {isa = PBXFileReference; lastKnownFileType = sourcecode.swift; path = UIStoryboard.swift; sourceTree = "<group>"; };
/* End PBXFileReference section */

/* Begin PBXFrameworksBuildPhase section */
		3CCDA4612BF8D52E00A22563 /* Frameworks */ = {
			isa = PBXFrameworksBuildPhase;
			buildActionMask = 2147483647;
			files = (
			);
			runOnlyForDeploymentPostprocessing = 0;
		};
		3CCDA4772BF8D52F00A22563 /* Frameworks */ = {
			isa = PBXFrameworksBuildPhase;
			buildActionMask = 2147483647;
			files = (
			);
			runOnlyForDeploymentPostprocessing = 0;
		};
		3CCDA4812BF8D52F00A22563 /* Frameworks */ = {
			isa = PBXFrameworksBuildPhase;
			buildActionMask = 2147483647;
			files = (
			);
			runOnlyForDeploymentPostprocessing = 0;
		};
/* End PBXFrameworksBuildPhase section */

/* Begin PBXGroup section */
		3CCDA45B2BF8D52E00A22563 = {
			isa = PBXGroup;
			children = (
				3CCDA4662BF8D52E00A22563 /* FileManager */,
				3CCDA4652BF8D52E00A22563 /* Products */,
			);
			sourceTree = "<group>";
		};
		3CCDA4652BF8D52E00A22563 /* Products */ = {
			isa = PBXGroup;
			children = (
				3CCDA4642BF8D52E00A22563 /* FileManager.app */,
				3CCDA47A2BF8D52F00A22563 /* FileManagerTests.xctest */,
				3CCDA4842BF8D52F00A22563 /* FileManagerUITests.xctest */,
			);
			name = Products;
			sourceTree = "<group>";
		};
		3CCDA4662BF8D52E00A22563 /* FileManager */ = {
			isa = PBXGroup;
			children = (
				3CCDA4672BF8D52E00A22563 /* AppDelegate.swift */,
				3CCDA4692BF8D52E00A22563 /* SceneDelegate.swift */,
				3CCDA4A42BF9EEA700A22563 /* viewControllers */,
				3CCDA49D2BF9618D00A22563 /* extensions */,
				3CCDA4972BF8F70300A22563 /* HeaderView.swift */,
				3CCDA4992BF8F70900A22563 /* HeaderView.xib */,
				3CCDA4702BF8D52F00A22563 /* Assets.xcassets */,
				3CCDA4722BF8D52F00A22563 /* LaunchScreen.storyboard */,
				3CCDA4752BF8D52F00A22563 /* Info.plist */,
			);
			path = FileManager;
			sourceTree = "<group>";
		};
		3CCDA49D2BF9618D00A22563 /* extensions */ = {
			isa = PBXGroup;
			children = (
				3CCDA49B2BF9615C00A22563 /* Date.swift */,
				3CCDA49E2BF961B300A22563 /* Locale.swift */,
				3CCDA4A02BF961D100A22563 /* TimeZone.swift */,
				3CCDA4A22BF966F100A22563 /* UIViewController.swift */,
				3CCDA4A92BF9EF0400A22563 /* UIStoryboard.swift */,
				3C07C3D72BFADC5F00348EA1 /* UIView.swift */,
			);
			path = extensions;
			sourceTree = "<group>";
		};
		3CCDA4A42BF9EEA700A22563 /* viewControllers */ = {
			isa = PBXGroup;
			children = (
				3CCDA46B2BF8D52E00A22563 /* ViewController.swift */,
				3CCDA46D2BF8D52E00A22563 /* Main.storyboard */,
				3CCDA4A52BF9EEE100A22563 /* SaveImageViewController.swift */,
				3CCDA4A72BF9EEE600A22563 /* SaveImageViewController.storyboard */,
			);
			path = viewControllers;
			sourceTree = "<group>";
		};
/* End PBXGroup section */

/* Begin PBXNativeTarget section */
		3CCDA4632BF8D52E00A22563 /* FileManager */ = {
			isa = PBXNativeTarget;
			buildConfigurationList = 3CCDA48E2BF8D52F00A22563 /* Build configuration list for PBXNativeTarget "FileManager" */;
			buildPhases = (
				3CCDA4602BF8D52E00A22563 /* Sources */,
				3CCDA4612BF8D52E00A22563 /* Frameworks */,
				3CCDA4622BF8D52E00A22563 /* Resources */,
			);
			buildRules = (
			);
			dependencies = (
			);
			name = FileManager;
			productName = FileManager;
			productReference = 3CCDA4642BF8D52E00A22563 /* FileManager.app */;
			productType = "com.apple.product-type.application";
		};
		3CCDA4792BF8D52F00A22563 /* FileManagerTests */ = {
			isa = PBXNativeTarget;
			buildConfigurationList = 3CCDA4912BF8D52F00A22563 /* Build configuration list for PBXNativeTarget "FileManagerTests" */;
			buildPhases = (
				3CCDA4762BF8D52F00A22563 /* Sources */,
				3CCDA4772BF8D52F00A22563 /* Frameworks */,
				3CCDA4782BF8D52F00A22563 /* Resources */,
			);
			buildRules = (
			);
			dependencies = (
				3CCDA47C2BF8D52F00A22563 /* PBXTargetDependency */,
			);
			name = FileManagerTests;
			productName = FileManagerTests;
			productReference = 3CCDA47A2BF8D52F00A22563 /* FileManagerTests.xctest */;
			productType = "com.apple.product-type.bundle.unit-test";
		};
		3CCDA4832BF8D52F00A22563 /* FileManagerUITests */ = {
			isa = PBXNativeTarget;
			buildConfigurationList = 3CCDA4942BF8D52F00A22563 /* Build configuration list for PBXNativeTarget "FileManagerUITests" */;
			buildPhases = (
				3CCDA4802BF8D52F00A22563 /* Sources */,
				3CCDA4812BF8D52F00A22563 /* Frameworks */,
				3CCDA4822BF8D52F00A22563 /* Resources */,
			);
			buildRules = (
			);
			dependencies = (
				3CCDA4862BF8D52F00A22563 /* PBXTargetDependency */,
			);
			name = FileManagerUITests;
			productName = FileManagerUITests;
			productReference = 3CCDA4842BF8D52F00A22563 /* FileManagerUITests.xctest */;
			productType = "com.apple.product-type.bundle.ui-testing";
		};
/* End PBXNativeTarget section */

/* Begin PBXProject section */
		3CCDA45C2BF8D52E00A22563 /* Project object */ = {
			isa = PBXProject;
			attributes = {
				BuildIndependentTargetsInParallel = 1;
				LastSwiftUpdateCheck = 1520;
				LastUpgradeCheck = 1520;
				TargetAttributes = {
					3CCDA4632BF8D52E00A22563 = {
						CreatedOnToolsVersion = 15.2;
					};
					3CCDA4792BF8D52F00A22563 = {
						CreatedOnToolsVersion = 15.2;
						TestTargetID = 3CCDA4632BF8D52E00A22563;
					};
					3CCDA4832BF8D52F00A22563 = {
						CreatedOnToolsVersion = 15.2;
						TestTargetID = 3CCDA4632BF8D52E00A22563;
					};
				};
			};
			buildConfigurationList = 3CCDA45F2BF8D52E00A22563 /* Build configuration list for PBXProject "FileManager" */;
			compatibilityVersion = "Xcode 14.0";
			developmentRegion = en;
			hasScannedForEncodings = 0;
			knownRegions = (
				en,
				Base,
			);
			mainGroup = 3CCDA45B2BF8D52E00A22563;
			productRefGroup = 3CCDA4652BF8D52E00A22563 /* Products */;
			projectDirPath = "";
			projectRoot = "";
			targets = (
				3CCDA4632BF8D52E00A22563 /* FileManager */,
				3CCDA4792BF8D52F00A22563 /* FileManagerTests */,
				3CCDA4832BF8D52F00A22563 /* FileManagerUITests */,
			);
		};
/* End PBXProject section */

/* Begin PBXResourcesBuildPhase section */
		3CCDA4622BF8D52E00A22563 /* Resources */ = {
			isa = PBXResourcesBuildPhase;
			buildActionMask = 2147483647;
			files = (
				3CCDA4742BF8D52F00A22563 /* LaunchScreen.storyboard in Resources */,
				3CCDA4712BF8D52F00A22563 /* Assets.xcassets in Resources */,
				3CCDA46F2BF8D52E00A22563 /* Main.storyboard in Resources */,
				3CCDA49A2BF8F70900A22563 /* HeaderView.xib in Resources */,
				3CCDA4A82BF9EEE600A22563 /* SaveImageViewController.storyboard in Resources */,
			);
			runOnlyForDeploymentPostprocessing = 0;
		};
		3CCDA4782BF8D52F00A22563 /* Resources */ = {
			isa = PBXResourcesBuildPhase;
			buildActionMask = 2147483647;
			files = (
			);
			runOnlyForDeploymentPostprocessing = 0;
		};
		3CCDA4822BF8D52F00A22563 /* Resources */ = {
			isa = PBXResourcesBuildPhase;
			buildActionMask = 2147483647;
			files = (
			);
			runOnlyForDeploymentPostprocessing = 0;
		};
/* End PBXResourcesBuildPhase section */

/* Begin PBXSourcesBuildPhase section */
		3CCDA4602BF8D52E00A22563 /* Sources */ = {
			isa = PBXSourcesBuildPhase;
			buildActionMask = 2147483647;
			files = (
				3CCDA49C2BF9615C00A22563 /* Date.swift in Sources */,
				3CCDA46C2BF8D52E00A22563 /* ViewController.swift in Sources */,
				3C07C3D82BFADC5F00348EA1 /* UIView.swift in Sources */,
				3CCDA4682BF8D52E00A22563 /* AppDelegate.swift in Sources */,
				3CCDA4A12BF961D100A22563 /* TimeZone.swift in Sources */,
				3CCDA4A62BF9EEE100A22563 /* SaveImageViewController.swift in Sources */,
				3CCDA46A2BF8D52E00A22563 /* SceneDelegate.swift in Sources */,
				3CCDA4AA2BF9EF0400A22563 /* UIStoryboard.swift in Sources */,
				3CCDA4982BF8F70300A22563 /* HeaderView.swift in Sources */,
				3CCDA4A32BF966F100A22563 /* UIViewController.swift in Sources */,
				3CCDA49F2BF961B300A22563 /* Locale.swift in Sources */,
			);
			runOnlyForDeploymentPostprocessing = 0;
		};
		3CCDA4762BF8D52F00A22563 /* Sources */ = {
			isa = PBXSourcesBuildPhase;
			buildActionMask = 2147483647;
			files = (
			);
			runOnlyForDeploymentPostprocessing = 0;
		};
		3CCDA4802BF8D52F00A22563 /* Sources */ = {
			isa = PBXSourcesBuildPhase;
			buildActionMask = 2147483647;
			files = (
			);
			runOnlyForDeploymentPostprocessing = 0;
		};
/* End PBXSourcesBuildPhase section */

/* Begin PBXTargetDependency section */
		3CCDA47C2BF8D52F00A22563 /* PBXTargetDependency */ = {
			isa = PBXTargetDependency;
			target = 3CCDA4632BF8D52E00A22563 /* FileManager */;
			targetProxy = 3CCDA47B2BF8D52F00A22563 /* PBXContainerItemProxy */;
		};
		3CCDA4862BF8D52F00A22563 /* PBXTargetDependency */ = {
			isa = PBXTargetDependency;
			target = 3CCDA4632BF8D52E00A22563 /* FileManager */;
			targetProxy = 3CCDA4852BF8D52F00A22563 /* PBXContainerItemProxy */;
		};
/* End PBXTargetDependency section */

/* Begin PBXVariantGroup section */
		3CCDA46D2BF8D52E00A22563 /* Main.storyboard */ = {
			isa = PBXVariantGroup;
			children = (
				3CCDA46E2BF8D52E00A22563 /* Base */,
			);
			name = Main.storyboard;
			sourceTree = "<group>";
		};
		3CCDA4722BF8D52F00A22563 /* LaunchScreen.storyboard */ = {
			isa = PBXVariantGroup;
			children = (
				3CCDA4732BF8D52F00A22563 /* Base */,
			);
			name = LaunchScreen.storyboard;
			sourceTree = "<group>";
		};
/* End PBXVariantGroup section */

/* Begin XCBuildConfiguration section */
		3CCDA48C2BF8D52F00A22563 /* Debug */ = {
			isa = XCBuildConfiguration;
			buildSettings = {
				ALWAYS_SEARCH_USER_PATHS = NO;
				ASSETCATALOG_COMPILER_GENERATE_SWIFT_ASSET_SYMBOL_EXTENSIONS = YES;
				CLANG_ANALYZER_NONNULL = YES;
				CLANG_ANALYZER_NUMBER_OBJECT_CONVERSION = YES_AGGRESSIVE;
				CLANG_CXX_LANGUAGE_STANDARD = "gnu++20";
				CLANG_ENABLE_MODULES = YES;
				CLANG_ENABLE_OBJC_ARC = YES;
				CLANG_ENABLE_OBJC_WEAK = YES;
				CLANG_WARN_BLOCK_CAPTURE_AUTORELEASING = YES;
				CLANG_WARN_BOOL_CONVERSION = YES;
				CLANG_WARN_COMMA = YES;
				CLANG_WARN_CONSTANT_CONVERSION = YES;
				CLANG_WARN_DEPRECATED_OBJC_IMPLEMENTATIONS = YES;
				CLANG_WARN_DIRECT_OBJC_ISA_USAGE = YES_ERROR;
				CLANG_WARN_DOCUMENTATION_COMMENTS = YES;
				CLANG_WARN_EMPTY_BODY = YES;
				CLANG_WARN_ENUM_CONVERSION = YES;
				CLANG_WARN_INFINITE_RECURSION = YES;
				CLANG_WARN_INT_CONVERSION = YES;
				CLANG_WARN_NON_LITERAL_NULL_CONVERSION = YES;
				CLANG_WARN_OBJC_IMPLICIT_RETAIN_SELF = YES;
				CLANG_WARN_OBJC_LITERAL_CONVERSION = YES;
				CLANG_WARN_OBJC_ROOT_CLASS = YES_ERROR;
				CLANG_WARN_QUOTED_INCLUDE_IN_FRAMEWORK_HEADER = YES;
				CLANG_WARN_RANGE_LOOP_ANALYSIS = YES;
				CLANG_WARN_STRICT_PROTOTYPES = YES;
				CLANG_WARN_SUSPICIOUS_MOVE = YES;
				CLANG_WARN_UNGUARDED_AVAILABILITY = YES_AGGRESSIVE;
				CLANG_WARN_UNREACHABLE_CODE = YES;
				CLANG_WARN__DUPLICATE_METHOD_MATCH = YES;
				COPY_PHASE_STRIP = NO;
				DEBUG_INFORMATION_FORMAT = dwarf;
				ENABLE_STRICT_OBJC_MSGSEND = YES;
				ENABLE_TESTABILITY = YES;
				ENABLE_USER_SCRIPT_SANDBOXING = YES;
				GCC_C_LANGUAGE_STANDARD = gnu17;
				GCC_DYNAMIC_NO_PIC = NO;
				GCC_NO_COMMON_BLOCKS = YES;
				GCC_OPTIMIZATION_LEVEL = 0;
				GCC_PREPROCESSOR_DEFINITIONS = (
					"DEBUG=1",
					"$(inherited)",
				);
				GCC_WARN_64_TO_32_BIT_CONVERSION = YES;
				GCC_WARN_ABOUT_RETURN_TYPE = YES_ERROR;
				GCC_WARN_UNDECLARED_SELECTOR = YES;
				GCC_WARN_UNINITIALIZED_AUTOS = YES_AGGRESSIVE;
				GCC_WARN_UNUSED_FUNCTION = YES;
				GCC_WARN_UNUSED_VARIABLE = YES;
				IPHONEOS_DEPLOYMENT_TARGET = 17.2;
				LOCALIZATION_PREFERS_STRING_CATALOGS = YES;
				MTL_ENABLE_DEBUG_INFO = INCLUDE_SOURCE;
				MTL_FAST_MATH = YES;
				ONLY_ACTIVE_ARCH = YES;
				SDKROOT = iphoneos;
				SWIFT_ACTIVE_COMPILATION_CONDITIONS = "DEBUG $(inherited)";
				SWIFT_OPTIMIZATION_LEVEL = "-Onone";
			};
			name = Debug;
		};
		3CCDA48D2BF8D52F00A22563 /* Release */ = {
			isa = XCBuildConfiguration;
			buildSettings = {
				ALWAYS_SEARCH_USER_PATHS = NO;
				ASSETCATALOG_COMPILER_GENERATE_SWIFT_ASSET_SYMBOL_EXTENSIONS = YES;
				CLANG_ANALYZER_NONNULL = YES;
				CLANG_ANALYZER_NUMBER_OBJECT_CONVERSION = YES_AGGRESSIVE;
				CLANG_CXX_LANGUAGE_STANDARD = "gnu++20";
				CLANG_ENABLE_MODULES = YES;
				CLANG_ENABLE_OBJC_ARC = YES;
				CLANG_ENABLE_OBJC_WEAK = YES;
				CLANG_WARN_BLOCK_CAPTURE_AUTORELEASING = YES;
				CLANG_WARN_BOOL_CONVERSION = YES;
				CLANG_WARN_COMMA = YES;
				CLANG_WARN_CONSTANT_CONVERSION = YES;
				CLANG_WARN_DEPRECATED_OBJC_IMPLEMENTATIONS = YES;
				CLANG_WARN_DIRECT_OBJC_ISA_USAGE = YES_ERROR;
				CLANG_WARN_DOCUMENTATION_COMMENTS = YES;
				CLANG_WARN_EMPTY_BODY = YES;
				CLANG_WARN_ENUM_CONVERSION = YES;
				CLANG_WARN_INFINITE_RECURSION = YES;
				CLANG_WARN_INT_CONVERSION = YES;
				CLANG_WARN_NON_LITERAL_NULL_CONVERSION = YES;
				CLANG_WARN_OBJC_IMPLICIT_RETAIN_SELF = YES;
				CLANG_WARN_OBJC_LITERAL_CONVERSION = YES;
				CLANG_WARN_OBJC_ROOT_CLASS = YES_ERROR;
				CLANG_WARN_QUOTED_INCLUDE_IN_FRAMEWORK_HEADER = YES;
				CLANG_WARN_RANGE_LOOP_ANALYSIS = YES;
				CLANG_WARN_STRICT_PROTOTYPES = YES;
				CLANG_WARN_SUSPICIOUS_MOVE = YES;
				CLANG_WARN_UNGUARDED_AVAILABILITY = YES_AGGRESSIVE;
				CLANG_WARN_UNREACHABLE_CODE = YES;
				CLANG_WARN__DUPLICATE_METHOD_MATCH = YES;
				COPY_PHASE_STRIP = NO;
				DEBUG_INFORMATION_FORMAT = "dwarf-with-dsym";
				ENABLE_NS_ASSERTIONS = NO;
				ENABLE_STRICT_OBJC_MSGSEND = YES;
				ENABLE_USER_SCRIPT_SANDBOXING = YES;
				GCC_C_LANGUAGE_STANDARD = gnu17;
				GCC_NO_COMMON_BLOCKS = YES;
				GCC_WARN_64_TO_32_BIT_CONVERSION = YES;
				GCC_WARN_ABOUT_RETURN_TYPE = YES_ERROR;
				GCC_WARN_UNDECLARED_SELECTOR = YES;
				GCC_WARN_UNINITIALIZED_AUTOS = YES_AGGRESSIVE;
				GCC_WARN_UNUSED_FUNCTION = YES;
				GCC_WARN_UNUSED_VARIABLE = YES;
				IPHONEOS_DEPLOYMENT_TARGET = 17.2;
				LOCALIZATION_PREFERS_STRING_CATALOGS = YES;
				MTL_ENABLE_DEBUG_INFO = NO;
				MTL_FAST_MATH = YES;
				SDKROOT = iphoneos;
				SWIFT_COMPILATION_MODE = wholemodule;
				VALIDATE_PRODUCT = YES;
			};
			name = Release;
		};
		3CCDA48F2BF8D52F00A22563 /* Debug */ = {
			isa = XCBuildConfiguration;
			buildSettings = {
				ASSETCATALOG_COMPILER_APPICON_NAME = AppIcon;
				ASSETCATALOG_COMPILER_GLOBAL_ACCENT_COLOR_NAME = AccentColor;
				CODE_SIGN_STYLE = Automatic;
				CURRENT_PROJECT_VERSION = 1;
				DEVELOPMENT_TEAM = 5BR9PKVDZT;
				GENERATE_INFOPLIST_FILE = YES;
				INFOPLIST_FILE = FileManager/Info.plist;
				INFOPLIST_KEY_NSCameraUsageDescription = "カメラを使用する為";
				INFOPLIST_KEY_NSPhotoLibraryUsageDescription = "写真を使用する為";
				INFOPLIST_KEY_UIApplicationSupportsIndirectInputEvents = YES;
				INFOPLIST_KEY_UILaunchStoryboardName = LaunchScreen;
				INFOPLIST_KEY_UIMainStoryboardFile = Main;
				INFOPLIST_KEY_UISupportedInterfaceOrientations_iPad = "UIInterfaceOrientationPortrait UIInterfaceOrientationPortraitUpsideDown UIInterfaceOrientationLandscapeLeft UIInterfaceOrientationLandscapeRight";
				INFOPLIST_KEY_UISupportedInterfaceOrientations_iPhone = "UIInterfaceOrientationPortrait UIInterfaceOrientationLandscapeLeft UIInterfaceOrientationLandscapeRight";
				LD_RUNPATH_SEARCH_PATHS = (
					"$(inherited)",
					"@executable_path/Frameworks",
				);
				MARKETING_VERSION = 1.0;
				PRODUCT_BUNDLE_IDENTIFIER = okue.FileManager;
				PRODUCT_NAME = "$(TARGET_NAME)";
				SUPPORTED_PLATFORMS = "iphoneos iphonesimulator";
				SUPPORTS_MACCATALYST = NO;
				SUPPORTS_MAC_DESIGNED_FOR_IPHONE_IPAD = NO;
				SUPPORTS_XR_DESIGNED_FOR_IPHONE_IPAD = NO;
				SWIFT_EMIT_LOC_STRINGS = YES;
				SWIFT_VERSION = 5.0;
				TARGETED_DEVICE_FAMILY = 1;
			};
			name = Debug;
		};
		3CCDA4902BF8D52F00A22563 /* Release */ = {
			isa = XCBuildConfiguration;
			buildSettings = {
				ASSETCATALOG_COMPILER_APPICON_NAME = AppIcon;
				ASSETCATALOG_COMPILER_GLOBAL_ACCENT_COLOR_NAME = AccentColor;
				CODE_SIGN_STYLE = Automatic;
				CURRENT_PROJECT_VERSION = 1;
				DEVELOPMENT_TEAM = 5BR9PKVDZT;
				GENERATE_INFOPLIST_FILE = YES;
				INFOPLIST_FILE = FileManager/Info.plist;
				INFOPLIST_KEY_NSCameraUsageDescription = "カメラを使用する為";
				INFOPLIST_KEY_NSPhotoLibraryUsageDescription = "写真を使用する為";
				INFOPLIST_KEY_UIApplicationSupportsIndirectInputEvents = YES;
				INFOPLIST_KEY_UILaunchStoryboardName = LaunchScreen;
				INFOPLIST_KEY_UIMainStoryboardFile = Main;
				INFOPLIST_KEY_UISupportedInterfaceOrientations_iPad = "UIInterfaceOrientationPortrait UIInterfaceOrientationPortraitUpsideDown UIInterfaceOrientationLandscapeLeft UIInterfaceOrientationLandscapeRight";
				INFOPLIST_KEY_UISupportedInterfaceOrientations_iPhone = "UIInterfaceOrientationPortrait UIInterfaceOrientationLandscapeLeft UIInterfaceOrientationLandscapeRight";
				LD_RUNPATH_SEARCH_PATHS = (
					"$(inherited)",
					"@executable_path/Frameworks",
				);
				MARKETING_VERSION = 1.0;
				PRODUCT_BUNDLE_IDENTIFIER = okue.FileManager;
				PRODUCT_NAME = "$(TARGET_NAME)";
				SUPPORTED_PLATFORMS = "iphoneos iphonesimulator";
				SUPPORTS_MACCATALYST = NO;
				SUPPORTS_MAC_DESIGNED_FOR_IPHONE_IPAD = NO;
				SUPPORTS_XR_DESIGNED_FOR_IPHONE_IPAD = NO;
				SWIFT_EMIT_LOC_STRINGS = YES;
				SWIFT_VERSION = 5.0;
				TARGETED_DEVICE_FAMILY = 1;
			};
			name = Release;
		};
		3CCDA4922BF8D52F00A22563 /* Debug */ = {
			isa = XCBuildConfiguration;
			buildSettings = {
				ALWAYS_EMBED_SWIFT_STANDARD_LIBRARIES = YES;
				BUNDLE_LOADER = "$(TEST_HOST)";
				CODE_SIGN_STYLE = Automatic;
				CURRENT_PROJECT_VERSION = 1;
				DEVELOPMENT_TEAM = 5BR9PKVDZT;
				GENERATE_INFOPLIST_FILE = YES;
				IPHONEOS_DEPLOYMENT_TARGET = 17.2;
				MARKETING_VERSION = 1.0;
				PRODUCT_BUNDLE_IDENTIFIER = okue.FileManagerTests;
				PRODUCT_NAME = "$(TARGET_NAME)";
				SWIFT_EMIT_LOC_STRINGS = NO;
				SWIFT_VERSION = 5.0;
				TARGETED_DEVICE_FAMILY = "1,2";
				TEST_HOST = "$(BUILT_PRODUCTS_DIR)/FileManager.app/$(BUNDLE_EXECUTABLE_FOLDER_PATH)/FileManager";
			};
			name = Debug;
		};
		3CCDA4932BF8D52F00A22563 /* Release */ = {
			isa = XCBuildConfiguration;
			buildSettings = {
				ALWAYS_EMBED_SWIFT_STANDARD_LIBRARIES = YES;
				BUNDLE_LOADER = "$(TEST_HOST)";
				CODE_SIGN_STYLE = Automatic;
				CURRENT_PROJECT_VERSION = 1;
				DEVELOPMENT_TEAM = 5BR9PKVDZT;
				GENERATE_INFOPLIST_FILE = YES;
				IPHONEOS_DEPLOYMENT_TARGET = 17.2;
				MARKETING_VERSION = 1.0;
				PRODUCT_BUNDLE_IDENTIFIER = okue.FileManagerTests;
				PRODUCT_NAME = "$(TARGET_NAME)";
				SWIFT_EMIT_LOC_STRINGS = NO;
				SWIFT_VERSION = 5.0;
				TARGETED_DEVICE_FAMILY = "1,2";
				TEST_HOST = "$(BUILT_PRODUCTS_DIR)/FileManager.app/$(BUNDLE_EXECUTABLE_FOLDER_PATH)/FileManager";
			};
			name = Release;
		};
		3CCDA4952BF8D52F00A22563 /* Debug */ = {
			isa = XCBuildConfiguration;
			buildSettings = {
				ALWAYS_EMBED_SWIFT_STANDARD_LIBRARIES = YES;
				CODE_SIGN_STYLE = Automatic;
				CURRENT_PROJECT_VERSION = 1;
				DEVELOPMENT_TEAM = 5BR9PKVDZT;
				GENERATE_INFOPLIST_FILE = YES;
				MARKETING_VERSION = 1.0;
				PRODUCT_BUNDLE_IDENTIFIER = okue.FileManagerUITests;
				PRODUCT_NAME = "$(TARGET_NAME)";
				SWIFT_EMIT_LOC_STRINGS = NO;
				SWIFT_VERSION = 5.0;
				TARGETED_DEVICE_FAMILY = "1,2";
				TEST_TARGET_NAME = FileManager;
			};
			name = Debug;
		};
		3CCDA4962BF8D52F00A22563 /* Release */ = {
			isa = XCBuildConfiguration;
			buildSettings = {
				ALWAYS_EMBED_SWIFT_STANDARD_LIBRARIES = YES;
				CODE_SIGN_STYLE = Automatic;
				CURRENT_PROJECT_VERSION = 1;
				DEVELOPMENT_TEAM = 5BR9PKVDZT;
				GENERATE_INFOPLIST_FILE = YES;
				MARKETING_VERSION = 1.0;
				PRODUCT_BUNDLE_IDENTIFIER = okue.FileManagerUITests;
				PRODUCT_NAME = "$(TARGET_NAME)";
				SWIFT_EMIT_LOC_STRINGS = NO;
				SWIFT_VERSION = 5.0;
				TARGETED_DEVICE_FAMILY = "1,2";
				TEST_TARGET_NAME = FileManager;
			};
			name = Release;
		};
/* End XCBuildConfiguration section */

/* Begin XCConfigurationList section */
		3CCDA45F2BF8D52E00A22563 /* Build configuration list for PBXProject "FileManager" */ = {
			isa = XCConfigurationList;
			buildConfigurations = (
				3CCDA48C2BF8D52F00A22563 /* Debug */,
				3CCDA48D2BF8D52F00A22563 /* Release */,
			);
			defaultConfigurationIsVisible = 0;
			defaultConfigurationName = Release;
		};
		3CCDA48E2BF8D52F00A22563 /* Build configuration list for PBXNativeTarget "FileManager" */ = {
			isa = XCConfigurationList;
			buildConfigurations = (
				3CCDA48F2BF8D52F00A22563 /* Debug */,
				3CCDA4902BF8D52F00A22563 /* Release */,
			);
			defaultConfigurationIsVisible = 0;
			defaultConfigurationName = Release;
		};
		3CCDA4912BF8D52F00A22563 /* Build configuration list for PBXNativeTarget "FileManagerTests" */ = {
			isa = XCConfigurationList;
			buildConfigurations = (
				3CCDA4922BF8D52F00A22563 /* Debug */,
				3CCDA4932BF8D52F00A22563 /* Release */,
			);
			defaultConfigurationIsVisible = 0;
			defaultConfigurationName = Release;
		};
		3CCDA4942BF8D52F00A22563 /* Build configuration list for PBXNativeTarget "FileManagerUITests" */ = {
			isa = XCConfigurationList;
			buildConfigurations = (
				3CCDA4952BF8D52F00A22563 /* Debug */,
				3CCDA4962BF8D52F00A22563 /* Release */,
			);
			defaultConfigurationIsVisible = 0;
			defaultConfigurationName = Release;
		};
/* End XCConfigurationList section */
	};
	rootObject = 3CCDA45C2BF8D52E00A22563 /* Project object */;
}
